{
  "name": "21.6.1",
  "lockfileVersion": 3,
  "requires": true,
  "packages": {
    "": {
      "dependencies": {
        "pnpm": "^8.15.1"
      },
      "engines": {
        "node": "21.6.1"
      }
    },
    "node_modules/pnpm": {
      "version": "8.15.1",
      "resolved": "https://registry.npmjs.org/pnpm/-/pnpm-8.15.1.tgz",
      "integrity": "sha512-gxz0xfi4N0r3FSHU0VPbSdcIbeYVwq98tenX64umMN2sRv6kldZD5VLvLmijqpmj5en77oaWcClnUE31xZyycw==",
      "bin": {
        "pnpm": "bin/pnpm.cjs",
        "pnpx": "bin/pnpx.cjs"
      },
      "engines": {
        "node": ">=16.14"
      },
      "funding": {
        "url": "https://opencollective.com/pnpm"
      }
    }
  }
}
